
Microsoft Visual Studio Solution File, Format Version 12.00
# Visual Studio Version 16
VisualStudioVersion = 16.0.29609.76
MinimumVisualStudioVersion = 15.0.26124.0
Project("{FAE04EC0-301F-11D3-BF4B-00C04F79EFBC}") = "liblsl", "liblsl.csproj", "{75243750-5ADD-4B60-9DDB-C7C8D5DB9F2A}"
EndProject
Project("{2150E333-8FDC-42A3-9474-1A3956D46DE8}") = "examples", "examples", "{10D9BA00-60C5-4508-9DBD-E75C374CA474}"
EndProject
Project("{FAE04EC0-301F-11D3-BF4B-00C04F79EFBC}") = "ReceiveData", "examples\ReceiveData\ReceiveData.csproj", "{BD9E277E-DD9B-456A-A315-59BAD75C66DB}"
EndProject
Project("{FAE04EC0-301F-11D3-BF4B-00C04F79EFBC}") = "ReceiveDataInChunks", "examples\ReceiveDataInChunks\ReceiveDataInChunks.csproj", "{0D681F4A-0020-487F-A2B9-F60648B845B8}"
EndProject
Project("{FAE04EC0-301F-11D3-BF4B-00C04F79EFBC}") = "SendData", "examples\SendData\SendData.csproj", "{B4A3E439-1A99-4E55-AD81-273A5A6B81BC}"
EndProject
Project("{FAE04EC0-301F-11D3-BF4B-00C04F79EFBC}") = "HandleMetaData", "examples\HandleMetaData\HandleMetaData.csproj", "{FCE76063-66A6-400A-9454-07EDB6DD0E8C}"
EndProject
Project("{FAE04EC0-301F-11D3-BF4B-00C04F79EFBC}") = "SendDataInChunks", "examples\SendDataInChunks\SendDataInChunks.csproj", "{2B218283-F85A-4188-900F-002A019A80AE}"
EndProject
Project("{FAE04EC0-301F-11D3-BF4B-00C04F79EFBC}") = "ReceiveStringMarkers", "examples\ReceiveStringMarkers\ReceiveStringMarkers.csproj", "{C67ADB2E-060D-490F-AA50-BFE71005C897}"
EndProject
Project("{FAE04EC0-301F-11D3-BF4B-00C04F79EFBC}") = "SendStringMarkers", "examples\SendStringMarkers\SendStringMarkers.csproj", "{F796772A-10F9-44B1-B25F-F48374CCD551}"
EndProject
Global
	GlobalSection(SolutionConfigurationPlatforms) = preSolution
		Debug|Any CPU = Debug|Any CPU
		Debug|x64 = Debug|x64
		Debug|x86 = Debug|x86
		Release|Any CPU = Release|Any CPU
		Release|x64 = Release|x64
		Release|x86 = Release|x86
	EndGlobalSection
	GlobalSection(ProjectConfigurationPlatforms) = postSolution
		{75243750-5ADD-4B60-9DDB-C7C8D5DB9F2A}.Debug|Any CPU.ActiveCfg = Debug|Any CPU
		{75243750-5ADD-4B60-9DDB-C7C8D5DB9F2A}.Debug|Any CPU.Build.0 = Debug|Any CPU
		{75243750-5ADD-4B60-9DDB-C7C8D5DB9F2A}.Debug|x64.ActiveCfg = Debug|Any CPU
		{75243750-5ADD-4B60-9DDB-C7C8D5DB9F2A}.Debug|x64.Build.0 = Debug|Any CPU
		{75243750-5ADD-4B60-9DDB-C7C8D5DB9F2A}.Debug|x86.ActiveCfg = Debug|Any CPU
		{75243750-5ADD-4B60-9DDB-C7C8D5DB9F2A}.Debug|x86.Build.0 = Debug|Any CPU
		{75243750-5ADD-4B60-9DDB-C7C8D5DB9F2A}.Release|Any CPU.ActiveCfg = Release|Any CPU
		{75243750-5ADD-4B60-9DDB-C7C8D5DB9F2A}.Release|Any CPU.Build.0 = Release|Any CPU
		{75243750-5ADD-4B60-9DDB-C7C8D5DB9F2A}.Release|x64.ActiveCfg = Release|Any CPU
		{75243750-5ADD-4B60-9DDB-C7C8D5DB9F2A}.Release|x64.Build.0 = Release|Any CPU
		{75243750-5ADD-4B60-9DDB-C7C8D5DB9F2A}.Release|x86.ActiveCfg = Release|Any CPU
		{75243750-5ADD-4B60-9DDB-C7C8D5DB9F2A}.Release|x86.Build.0 = Release|Any CPU
		{BD9E277E-DD9B-456A-A315-59BAD75C66DB}.Debug|Any CPU.ActiveCfg = Debug|Any CPU
		{BD9E277E-DD9B-456A-A315-59BAD75C66DB}.Debug|Any CPU.Build.0 = Debug|Any CPU
		{BD9E277E-DD9B-456A-A315-59BAD75C66DB}.Debug|x64.ActiveCfg = Debug|Any CPU
		{BD9E277E-DD9B-456A-A315-59BAD75C66DB}.Debug|x64.Build.0 = Debug|Any CPU
		{BD9E277E-DD9B-456A-A315-59BAD75C66DB}.Debug|x86.ActiveCfg = Debug|Any CPU
		{BD9E277E-DD9B-456A-A315-59BAD75C66DB}.Debug|x86.Build.0 = Debug|Any CPU
		{BD9E277E-DD9B-456A-A315-59BAD75C66DB}.Release|Any CPU.ActiveCfg = Release|Any CPU
		{BD9E277E-DD9B-456A-A315-59BAD75C66DB}.Release|Any CPU.Build.0 = Release|Any CPU
		{BD9E277E-DD9B-456A-A315-59BAD75C66DB}.Release|x64.ActiveCfg = Release|Any CPU
		{BD9E277E-DD9B-456A-A315-59BAD75C66DB}.Release|x64.Build.0 = Release|Any CPU
		{BD9E277E-DD9B-456A-A315-59BAD75C66DB}.Release|x86.ActiveCfg = Release|Any CPU
		{BD9E277E-DD9B-456A-A315-59BAD75C66DB}.Release|x86.Build.0 = Release|Any CPU
		{0D681F4A-0020-487F-A2B9-F60648B845B8}.Debug|Any CPU.ActiveCfg = Debug|Any CPU
		{0D681F4A-0020-487F-A2B9-F60648B845B8}.Debug|Any CPU.Build.0 = Debug|Any CPU
		{0D681F4A-0020-487F-A2B9-F60648B845B8}.Debug|x64.ActiveCfg = Debug|Any CPU
		{0D681F4A-0020-487F-A2B9-F60648B845B8}.Debug|x64.Build.0 = Debug|Any CPU
		{0D681F4A-0020-487F-A2B9-F60648B845B8}.Debug|x86.ActiveCfg = Debug|Any CPU
		{0D681F4A-0020-487F-A2B9-F60648B845B8}.Debug|x86.Build.0 = Debug|Any CPU
		{0D681F4A-0020-487F-A2B9-F60648B845B8}.Release|Any CPU.ActiveCfg = Release|Any CPU
		{0D681F4A-0020-487F-A2B9-F60648B845B8}.Release|Any CPU.Build.0 = Release|Any CPU
		{0D681F4A-0020-487F-A2B9-F60648B845B8}.Release|x64.ActiveCfg = Release|Any CPU
		{0D681F4A-0020-487F-A2B9-F60648B845B8}.Release|x64.Build.0 = Release|Any CPU
		{0D681F4A-0020-487F-A2B9-F60648B845B8}.Release|x86.ActiveCfg = Release|Any CPU
		{0D681F4A-0020-487F-A2B9-F60648B845B8}.Release|x86.Build.0 = Release|Any CPU
		{B4A3E439-1A99-4E55-AD81-273A5A6B81BC}.Debug|Any CPU.ActiveCfg = Debug|Any CPU
		{B4A3E439-1A99-4E55-AD81-273A5A6B81BC}.Debug|Any CPU.Build.0 = Debug|Any CPU
		{B4A3E439-1A99-4E55-AD81-273A5A6B81BC}.Debug|x64.ActiveCfg = Debug|Any CPU
		{B4A3E439-1A99-4E55-AD81-273A5A6B81BC}.Debug|x64.Build.0 = Debug|Any CPU
		{B4A3E439-1A99-4E55-AD81-273A5A6B81BC}.Debug|x86.ActiveCfg = Debug|Any CPU
		{B4A3E439-1A99-4E55-AD81-273A5A6B81BC}.Debug|x86.Build.0 = Debug|Any CPU
		{B4A3E439-1A99-4E55-AD81-273A5A6B81BC}.Release|Any CPU.ActiveCfg = Release|Any CPU
		{B4A3E439-1A99-4E55-AD81-273A5A6B81BC}.Release|Any CPU.Build.0 = Release|Any CPU
		{B4A3E439-1A99-4E55-AD81-273A5A6B81BC}.Release|x64.ActiveCfg = Release|Any CPU
		{B4A3E439-1A99-4E55-AD81-273A5A6B81BC}.Release|x64.Build.0 = Release|Any CPU
		{B4A3E439-1A99-4E55-AD81-273A5A6B81BC}.Release|x86.ActiveCfg = Release|Any CPU
		{B4A3E439-1A99-4E55-AD81-273A5A6B81BC}.Release|x86.Build.0 = Release|Any CPU
		{FCE76063-66A6-400A-9454-07EDB6DD0E8C}.Debug|Any CPU.ActiveCfg = Debug|Any CPU
		{FCE76063-66A6-400A-9454-07EDB6DD0E8C}.Debug|Any CPU.Build.0 = Debug|Any CPU
		{FCE76063-66A6-400A-9454-07EDB6DD0E8C}.Debug|x64.ActiveCfg = Debug|Any CPU
		{FCE76063-66A6-400A-9454-07EDB6DD0E8C}.Debug|x64.Build.0 = Debug|Any CPU
		{FCE76063-66A6-400A-9454-07EDB6DD0E8C}.Debug|x86.ActiveCfg = Debug|Any CPU
		{FCE76063-66A6-400A-9454-07EDB6DD0E8C}.Debug|x86.Build.0 = Debug|Any CPU
		{FCE76063-66A6-400A-9454-07EDB6DD0E8C}.Release|Any CPU.ActiveCfg = Release|Any CPU
		{FCE76063-66A6-400A-9454-07EDB6DD0E8C}.Release|Any CPU.Build.0 = Release|Any CPU
		{FCE76063-66A6-400A-9454-07EDB6DD0E8C}.Release|x64.ActiveCfg = Release|Any CPU
		{FCE76063-66A6-400A-9454-07EDB6DD0E8C}.Release|x64.Build.0 = Release|Any CPU
		{FCE76063-66A6-400A-9454-07EDB6DD0E8C}.Release|x86.ActiveCfg = Release|Any CPU
		{FCE76063-66A6-400A-9454-07EDB6DD0E8C}.Release|x86.Build.0 = Release|Any CPU
		{2B218283-F85A-4188-900F-002A019A80AE}.Debug|Any CPU.ActiveCfg = Debug|Any CPU
		{2B218283-F85A-4188-900F-002A019A80AE}.Debug|Any CPU.Build.0 = Debug|Any CPU
		{2B218283-F85A-4188-900F-002A019A80AE}.Debug|x64.ActiveCfg = Debug|Any CPU
		{2B218283-F85A-4188-900F-002A019A80AE}.Debug|x64.Build.0 = Debug|Any CPU
		{2B218283-F85A-4188-900F-002A019A80AE}.Debug|x86.ActiveCfg = Debug|Any CPU
		{2B218283-F85A-4188-900F-002A019A80AE}.Debug|x86.Build.0 = Debug|Any CPU
		{2B218283-F85A-4188-900F-002A019A80AE}.Release|Any CPU.ActiveCfg = Release|Any CPU
		{2B218283-F85A-4188-900F-002A019A80AE}.Release|Any CPU.Build.0 = Release|Any CPU
		{2B218283-F85A-4188-900F-002A019A80AE}.Release|x64.ActiveCfg = Release|Any CPU
		{2B218283-F85A-4188-900F-002A019A80AE}.Release|x64.Build.0 = Release|Any CPU
		{2B218283-F85A-4188-900F-002A019A80AE}.Release|x86.ActiveCfg = Release|Any CPU
		{2B218283-F85A-4188-900F-002A019A80AE}.Release|x86.Build.0 = Release|Any CPU
		{C67ADB2E-060D-490F-AA50-BFE71005C897}.Debug|Any CPU.ActiveCfg = Debug|Any CPU
		{C67ADB2E-060D-490F-AA50-BFE71005C897}.Debug|Any CPU.Build.0 = Debug|Any CPU
		{C67ADB2E-060D-490F-AA50-BFE71005C897}.Debug|x64.ActiveCfg = Debug|Any CPU
		{C67ADB2E-060D-490F-AA50-BFE71005C897}.Debug|x64.Build.0 = Debug|Any CPU
		{C67ADB2E-060D-490F-AA50-BFE71005C897}.Debug|x86.ActiveCfg = Debug|Any CPU
		{C67ADB2E-060D-490F-AA50-BFE71005C897}.Debug|x86.Build.0 = Debug|Any CPU
		{C67ADB2E-060D-490F-AA50-BFE71005C897}.Release|Any CPU.ActiveCfg = Release|Any CPU
		{C67ADB2E-060D-490F-AA50-BFE71005C897}.Release|Any CPU.Build.0 = Release|Any CPU
		{C67ADB2E-060D-490F-AA50-BFE71005C897}.Release|x64.ActiveCfg = Release|Any CPU
		{C67ADB2E-060D-490F-AA50-BFE71005C897}.Release|x64.Build.0 = Release|Any CPU
		{C67ADB2E-060D-490F-AA50-BFE71005C897}.Release|x86.ActiveCfg = Release|Any CPU
		{C67ADB2E-060D-490F-AA50-BFE71005C897}.Release|x86.Build.0 = Release|Any CPU
		{F796772A-10F9-44B1-B25F-F48374CCD551}.Debug|Any CPU.ActiveCfg = Debug|Any CPU
		{F796772A-10F9-44B1-B25F-F48374CCD551}.Debug|Any CPU.Build.0 = Debug|Any CPU
		{F796772A-10F9-44B1-B25F-F48374CCD551}.Debug|x64.ActiveCfg = Debug|Any CPU
		{F796772A-10F9-44B1-B25F-F48374CCD551}.Debug|x64.Build.0 = Debug|Any CPU
		{F796772A-10F9-44B1-B25F-F48374CCD551}.Debug|x86.ActiveCfg = Debug|Any CPU
		{F796772A-10F9-44B1-B25F-F48374CCD551}.Debug|x86.Build.0 = Debug|Any CPU
		{F796772A-10F9-44B1-B25F-F48374CCD551}.Release|Any CPU.ActiveCfg = Release|Any CPU
		{F796772A-10F9-44B1-B25F-F48374CCD551}.Release|Any CPU.Build.0 = Release|Any CPU
		{F796772A-10F9-44B1-B25F-F48374CCD551}.Release|x64.ActiveCfg = Release|Any CPU
		{F796772A-10F9-44B1-B25F-F48374CCD551}.Release|x64.Build.0 = Release|Any CPU
		{F796772A-10F9-44B1-B25F-F48374CCD551}.Release|x86.ActiveCfg = Release|Any CPU
		{F796772A-10F9-44B1-B25F-F48374CCD551}.Release|x86.Build.0 = Release|Any CPU
	EndGlobalSection
	GlobalSection(NestedProjects) = preSolution
		{BD9E277E-DD9B-456A-A315-59BAD75C66DB} = {10D9BA00-60C5-4508-9DBD-E75C374CA474}
		{0D681F4A-0020-487F-A2B9-F60648B845B8} = {10D9BA00-60C5-4508-9DBD-E75C374CA474}
		{B4A3E439-1A99-4E55-AD81-273A5A6B81BC} = {10D9BA00-60C5-4508-9DBD-E75C374CA474}
		{FCE76063-66A6-400A-9454-07EDB6DD0E8C} = {10D9BA00-60C5-4508-9DBD-E75C374CA474}
		{2B218283-F85A-4188-900F-002A019A80AE} = {10D9BA00-60C5-4508-9DBD-E75C374CA474}
		{C67ADB2E-060D-490F-AA50-BFE71005C897} = {10D9BA00-60C5-4508-9DBD-E75C374CA474}
		{F796772A-10F9-44B1-B25F-F48374CCD551} = {10D9BA00-60C5-4508-9DBD-E75C374CA474}
	EndGlobalSection
EndGlobal
